
Microsoft Visual Studio Solution File, Format Version 12.00
# Visual Studio Version 16
VisualStudioVersion = 16.0.34114.132
MinimumVisualStudioVersion = 10.0.40219.1
Project("{FAE04EC0-301F-11D3-BF4B-00C04F79EFBC}") = "TestExcel2", "TestExcel2\TestExcel2.csproj", "{600832E7-BF5C-4790-A6DA-AC53A0093E34}"
EndProject
Global
	GlobalSection(SolutionConfigurationPlatforms) = preSolution
		Debug|Any CPU = Debug|Any CPU
		Release|Any CPU = Release|Any CPU
	EndGlobalSection
	GlobalSection(ProjectConfigurationPlatforms) = postSolution
		{600832E7-BF5C-4790-A6DA-AC53A0093E34}.Debug|Any CPU.ActiveCfg = Debug|Any CPU
		{600832E7-BF5C-4790-A6DA-AC53A0093E34}.Debug|Any CPU.Build.0 = Debug|Any CPU
		{600832E7-BF5C-4790-A6DA-AC53A0093E34}.Release|Any CPU.ActiveCfg = Release|Any CPU
		{600832E7-BF5C-4790-A6DA-AC53A0093E34}.Release|Any CPU.Build.0 = Release|Any CPU
	EndGlobalSection
	GlobalSection(SolutionProperties) = preSolution
		HideSolutionNode = FALSE
	EndGlobalSection
	GlobalSection(ExtensibilityGlobals) = postSolution
		SolutionGuid = {8FC9BCC5-3018-4FC7-91F3-EA27B9FB9C2E}
	EndGlobalSection
EndGlobal
